
Microsoft Visual Studio Solution File, Format Version 12.00
# Visual Studio 15
VisualStudioVersion = 15.0.28307.329
MinimumVisualStudioVersion = 10.0.40219.1
Project("{FAE04EC0-301F-11D3-BF4B-00C04F79EFBC}") = "PrintShopModel", "PrintShopModel\PrintShopModel.csproj", "{EAD4BAD8-2062-4544-A301-5ABB323F88BC}"
EndProject
Project("{FAE04EC0-301F-11D3-BF4B-00C04F79EFBC}") = "PrintShopServiceDAL", "PrintShopServiceDAL\PrintShopServiceDAL.csproj", "{E29AD7AA-E804-4F28-820F-5F727D9757DE}"
EndProject
Project("{FAE04EC0-301F-11D3-BF4B-00C04F79EFBC}") = "PrintShopServiceImplement", "PrintShopServiceImplement\PrintShopServiceImplement.csproj", "{0C6723EA-1F18-4473-BE8B-081E4DD9383A}"
EndProject
Project("{FAE04EC0-301F-11D3-BF4B-00C04F79EFBC}") = "PrintView", "PrintView\PrintView.csproj", "{458C803B-4F4F-4A36-AD0A-936A5404E693}"
	ProjectSection(ProjectDependencies) = postProject
		{941BBCFB-7D3C-40E8-8D17-267859511799} = {941BBCFB-7D3C-40E8-8D17-267859511799}
	EndProjectSection
EndProject
Project("{FAE04EC0-301F-11D3-BF4B-00C04F79EFBC}") = "PrintShopServiceImplementDataBase", "PrintShopServiceImplementDataBase\PrintShopServiceImplementDataBase.csproj", "{941BBCFB-7D3C-40E8-8D17-267859511799}"
EndProject
Project("{FAE04EC0-301F-11D3-BF4B-00C04F79EFBC}") = "PrintShopRestApi", "PrintShopRestApi\PrintShopRestApi.csproj", "{A358637D-F07E-4903-91F8-0DA8C3AD9B8F}"
EndProject
Global
	GlobalSection(SolutionConfigurationPlatforms) = preSolution
		Debug|Any CPU = Debug|Any CPU
		Release|Any CPU = Release|Any CPU
	EndGlobalSection
	GlobalSection(ProjectConfigurationPlatforms) = postSolution
		{EAD4BAD8-2062-4544-A301-5ABB323F88BC}.Debug|Any CPU.ActiveCfg = Debug|Any CPU
		{EAD4BAD8-2062-4544-A301-5ABB323F88BC}.Debug|Any CPU.Build.0 = Debug|Any CPU
		{EAD4BAD8-2062-4544-A301-5ABB323F88BC}.Release|Any CPU.ActiveCfg = Release|Any CPU
		{EAD4BAD8-2062-4544-A301-5ABB323F88BC}.Release|Any CPU.Build.0 = Release|Any CPU
		{E29AD7AA-E804-4F28-820F-5F727D9757DE}.Debug|Any CPU.ActiveCfg = Debug|Any CPU
		{E29AD7AA-E804-4F28-820F-5F727D9757DE}.Debug|Any CPU.Build.0 = Debug|Any CPU
		{E29AD7AA-E804-4F28-820F-5F727D9757DE}.Release|Any CPU.ActiveCfg = Release|Any CPU
		{E29AD7AA-E804-4F28-820F-5F727D9757DE}.Release|Any CPU.Build.0 = Release|Any CPU
		{0C6723EA-1F18-4473-BE8B-081E4DD9383A}.Debug|Any CPU.ActiveCfg = Debug|Any CPU
		{0C6723EA-1F18-4473-BE8B-081E4DD9383A}.Debug|Any CPU.Build.0 = Debug|Any CPU
		{0C6723EA-1F18-4473-BE8B-081E4DD9383A}.Release|Any CPU.ActiveCfg = Release|Any CPU
		{0C6723EA-1F18-4473-BE8B-081E4DD9383A}.Release|Any CPU.Build.0 = Release|Any CPU
		{458C803B-4F4F-4A36-AD0A-936A5404E693}.Debug|Any CPU.ActiveCfg = Debug|Any CPU
		{458C803B-4F4F-4A36-AD0A-936A5404E693}.Debug|Any CPU.Build.0 = Debug|Any CPU
		{458C803B-4F4F-4A36-AD0A-936A5404E693}.Release|Any CPU.ActiveCfg = Release|Any CPU
		{458C803B-4F4F-4A36-AD0A-936A5404E693}.Release|Any CPU.Build.0 = Release|Any CPU
		{941BBCFB-7D3C-40E8-8D17-267859511799}.Debug|Any CPU.ActiveCfg = Debug|Any CPU
		{941BBCFB-7D3C-40E8-8D17-267859511799}.Debug|Any CPU.Build.0 = Debug|Any CPU
		{941BBCFB-7D3C-40E8-8D17-267859511799}.Release|Any CPU.ActiveCfg = Release|Any CPU
		{941BBCFB-7D3C-40E8-8D17-267859511799}.Release|Any CPU.Build.0 = Release|Any CPU
		{A358637D-F07E-4903-91F8-0DA8C3AD9B8F}.Debug|Any CPU.ActiveCfg = Debug|Any CPU
		{A358637D-F07E-4903-91F8-0DA8C3AD9B8F}.Debug|Any CPU.Build.0 = Debug|Any CPU
		{A358637D-F07E-4903-91F8-0DA8C3AD9B8F}.Release|Any CPU.ActiveCfg = Release|Any CPU
		{A358637D-F07E-4903-91F8-0DA8C3AD9B8F}.Release|Any CPU.Build.0 = Release|Any CPU
	EndGlobalSection
	GlobalSection(SolutionProperties) = preSolution
		HideSolutionNode = FALSE
	EndGlobalSection
	GlobalSection(ExtensibilityGlobals) = postSolution
		SolutionGuid = {A21D4639-1631-4CFF-B13E-01EF5DAACF33}
	EndGlobalSection
EndGlobal
